
Microsoft Visual Studio Solution File, Format Version 12.00
# Visual Studio Version 17
VisualStudioVersion = 17.5.33516.290
MinimumVisualStudioVersion = 10.0.40219.1
Project("{FAE04EC0-301F-11D3-BF4B-00C04F79EFBC}") = "Line Comparison", "Line Comparison\Line Comparison.csproj", "{98A4EC46-81B0-42E7-A78E-64BF01B6A5A9}"
EndProject
Global
	GlobalSection(SolutionConfigurationPlatforms) = preSolution
		Debug|Any CPU = Debug|Any CPU
		Release|Any CPU = Release|Any CPU
	EndGlobalSection
	GlobalSection(ProjectConfigurationPlatforms) = postSolution
		{98A4EC46-81B0-42E7-A78E-64BF01B6A5A9}.Debug|Any CPU.ActiveCfg = Debug|Any CPU
		{98A4EC46-81B0-42E7-A78E-64BF01B6A5A9}.Debug|Any CPU.Build.0 = Debug|Any CPU
		{98A4EC46-81B0-42E7-A78E-64BF01B6A5A9}.Release|Any CPU.ActiveCfg = Release|Any CPU
		{98A4EC46-81B0-42E7-A78E-64BF01B6A5A9}.Release|Any CPU.Build.0 = Release|Any CPU
	EndGlobalSection
	GlobalSection(SolutionProperties) = preSolution
		HideSolutionNode = FALSE
	EndGlobalSection
	GlobalSection(ExtensibilityGlobals) = postSolution
		SolutionGuid = {D4BF7F9D-019B-473E-9479-1EF9402A5386}
	EndGlobalSection
EndGlobal
